{
  "object": {
    "pins": [
      {
        "package": "DialogKit",
        "repositoryURL": "https://github.com/RickStreet/DialogKit.git",
        "state": {
          "branch": null,
          "revision": "db9850b93dbfad7357d123fb86da968c77d20b93",
          "version": "1.0.9"
        }
      },
      {
        "package": "DoubleKit",
        "repositoryURL": "https://github.com/RickStreet/DoubleKit.git",
        "state": {
          "branch": null,
          "revision": "f999726f0044cb9027ce418b42880dc4d2274f41",
          "version": "1.0.7"
        }
      }
    ]
  },
  "version": 1
}
